
Microsoft Visual Studio Solution File, Format Version 12.00
# Visual Studio 2013
VisualStudioVersion = 12.0.31101.0
MinimumVisualStudioVersion = 10.0.40219.1
Project("{FAE04EC0-301F-11D3-BF4B-00C04F79EFBC}") = "MusicSheetSoundEditor", "ActionGameProj\MusicSheetSoundEditor.csproj", "{0B778EB9-36F3-40A3-97ED-468308700D33}"
EndProject
Project("{FAE04EC0-301F-11D3-BF4B-00C04F79EFBC}") = "DefenderStory", "DefenderStory\DefenderStory.csproj", "{41F08C51-7455-4179-B2D9-E4864FA478F3}"
EndProject
Project("{FAE04EC0-301F-11D3-BF4B-00C04F79EFBC}") = "MusicSheetMidiSequencer", "MusicSheetMidiSequencer\MusicSheetMidiSequencer.csproj", "{983C7C11-A561-48F8-A2F3-3F2B21CA6B97}"
EndProject
Project("{FAE04EC0-301F-11D3-BF4B-00C04F79EFBC}") = "MapEditor", "MapEditor\MapEditor.csproj", "{847CA38F-6579-49FF-8ABF-7B6660BA02CE}"
EndProject
Project("{FAE04EC0-301F-11D3-BF4B-00C04F79EFBC}") = "LibMssf", "LibMssf\LibMssf.csproj", "{12BD58F2-C658-4ECA-A0CE-447A7D1AF011}"
EndProject
Project("{FAE04EC0-301F-11D3-BF4B-00C04F79EFBC}") = "LibGUI", "LibGUI\LibGUI.csproj", "{19DBF218-86DE-45BF-ACFB-2847E287A996}"
EndProject
Project("{FAE04EC0-301F-11D3-BF4B-00C04F79EFBC}") = "LibMsseq", "LibMsseq\LibMsseq.csproj", "{2EB97F64-104E-449A-B04B-F913EFA3D84B}"
EndProject
Project("{FAE04EC0-301F-11D3-BF4B-00C04F79EFBC}") = "LibMap", "LibMap\LibMap.csproj", "{16F4CD04-98B2-4B8E-B52F-07D507899B0B}"
EndProject
Global
	GlobalSection(SolutionConfigurationPlatforms) = preSolution
		Debug|Any CPU = Debug|Any CPU
		Debug|Mixed Platforms = Debug|Mixed Platforms
		Debug|Win32 = Debug|Win32
		Release|Any CPU = Release|Any CPU
		Release|Mixed Platforms = Release|Mixed Platforms
		Release|Win32 = Release|Win32
	EndGlobalSection
	GlobalSection(ProjectConfigurationPlatforms) = postSolution
		{0B778EB9-36F3-40A3-97ED-468308700D33}.Debug|Any CPU.ActiveCfg = Debug|Any CPU
		{0B778EB9-36F3-40A3-97ED-468308700D33}.Debug|Any CPU.Build.0 = Debug|Any CPU
		{0B778EB9-36F3-40A3-97ED-468308700D33}.Debug|Any CPU.Deploy.0 = Debug|Any CPU
		{0B778EB9-36F3-40A3-97ED-468308700D33}.Debug|Mixed Platforms.ActiveCfg = Debug|Any CPU
		{0B778EB9-36F3-40A3-97ED-468308700D33}.Debug|Mixed Platforms.Build.0 = Debug|Any CPU
		{0B778EB9-36F3-40A3-97ED-468308700D33}.Debug|Win32.ActiveCfg = Debug|Any CPU
		{0B778EB9-36F3-40A3-97ED-468308700D33}.Release|Any CPU.ActiveCfg = Release|Any CPU
		{0B778EB9-36F3-40A3-97ED-468308700D33}.Release|Any CPU.Build.0 = Release|Any CPU
		{0B778EB9-36F3-40A3-97ED-468308700D33}.Release|Mixed Platforms.ActiveCfg = Release|Any CPU
		{0B778EB9-36F3-40A3-97ED-468308700D33}.Release|Mixed Platforms.Build.0 = Release|Any CPU
		{0B778EB9-36F3-40A3-97ED-468308700D33}.Release|Win32.ActiveCfg = Release|Any CPU
		{41F08C51-7455-4179-B2D9-E4864FA478F3}.Debug|Any CPU.ActiveCfg = Debug|Any CPU
		{41F08C51-7455-4179-B2D9-E4864FA478F3}.Debug|Any CPU.Build.0 = Debug|Any CPU
		{41F08C51-7455-4179-B2D9-E4864FA478F3}.Debug|Mixed Platforms.ActiveCfg = Debug|Any CPU
		{41F08C51-7455-4179-B2D9-E4864FA478F3}.Debug|Mixed Platforms.Build.0 = Debug|Any CPU
		{41F08C51-7455-4179-B2D9-E4864FA478F3}.Debug|Win32.ActiveCfg = Debug|Any CPU
		{41F08C51-7455-4179-B2D9-E4864FA478F3}.Release|Any CPU.ActiveCfg = Release|Any CPU
		{41F08C51-7455-4179-B2D9-E4864FA478F3}.Release|Any CPU.Build.0 = Release|Any CPU
		{41F08C51-7455-4179-B2D9-E4864FA478F3}.Release|Mixed Platforms.ActiveCfg = Release|Any CPU
		{41F08C51-7455-4179-B2D9-E4864FA478F3}.Release|Mixed Platforms.Build.0 = Release|Any CPU
		{41F08C51-7455-4179-B2D9-E4864FA478F3}.Release|Win32.ActiveCfg = Release|Any CPU
		{983C7C11-A561-48F8-A2F3-3F2B21CA6B97}.Debug|Any CPU.ActiveCfg = Debug|Any CPU
		{983C7C11-A561-48F8-A2F3-3F2B21CA6B97}.Debug|Any CPU.Build.0 = Debug|Any CPU
		{983C7C11-A561-48F8-A2F3-3F2B21CA6B97}.Debug|Mixed Platforms.ActiveCfg = Debug|Any CPU
		{983C7C11-A561-48F8-A2F3-3F2B21CA6B97}.Debug|Mixed Platforms.Build.0 = Debug|Any CPU
		{983C7C11-A561-48F8-A2F3-3F2B21CA6B97}.Debug|Win32.ActiveCfg = Debug|Any CPU
		{983C7C11-A561-48F8-A2F3-3F2B21CA6B97}.Release|Any CPU.ActiveCfg = Release|Any CPU
		{983C7C11-A561-48F8-A2F3-3F2B21CA6B97}.Release|Any CPU.Build.0 = Release|Any CPU
		{983C7C11-A561-48F8-A2F3-3F2B21CA6B97}.Release|Mixed Platforms.ActiveCfg = Release|Any CPU
		{983C7C11-A561-48F8-A2F3-3F2B21CA6B97}.Release|Mixed Platforms.Build.0 = Release|Any CPU
		{983C7C11-A561-48F8-A2F3-3F2B21CA6B97}.Release|Win32.ActiveCfg = Release|Any CPU
		{847CA38F-6579-49FF-8ABF-7B6660BA02CE}.Debug|Any CPU.ActiveCfg = Debug|Any CPU
		{847CA38F-6579-49FF-8ABF-7B6660BA02CE}.Debug|Any CPU.Build.0 = Debug|Any CPU
		{847CA38F-6579-49FF-8ABF-7B6660BA02CE}.Debug|Mixed Platforms.ActiveCfg = Debug|Any CPU
		{847CA38F-6579-49FF-8ABF-7B6660BA02CE}.Debug|Mixed Platforms.Build.0 = Debug|Any CPU
		{847CA38F-6579-49FF-8ABF-7B6660BA02CE}.Debug|Win32.ActiveCfg = Debug|Any CPU
		{847CA38F-6579-49FF-8ABF-7B6660BA02CE}.Release|Any CPU.ActiveCfg = Release|Any CPU
		{847CA38F-6579-49FF-8ABF-7B6660BA02CE}.Release|Any CPU.Build.0 = Release|Any CPU
		{847CA38F-6579-49FF-8ABF-7B6660BA02CE}.Release|Mixed Platforms.ActiveCfg = Release|Any CPU
		{847CA38F-6579-49FF-8ABF-7B6660BA02CE}.Release|Mixed Platforms.Build.0 = Release|Any CPU
		{847CA38F-6579-49FF-8ABF-7B6660BA02CE}.Release|Win32.ActiveCfg = Release|Any CPU
		{12BD58F2-C658-4ECA-A0CE-447A7D1AF011}.Debug|Any CPU.ActiveCfg = Debug|Any CPU
		{12BD58F2-C658-4ECA-A0CE-447A7D1AF011}.Debug|Any CPU.Build.0 = Debug|Any CPU
		{12BD58F2-C658-4ECA-A0CE-447A7D1AF011}.Debug|Mixed Platforms.ActiveCfg = Debug|Any CPU
		{12BD58F2-C658-4ECA-A0CE-447A7D1AF011}.Debug|Mixed Platforms.Build.0 = Debug|Any CPU
		{12BD58F2-C658-4ECA-A0CE-447A7D1AF011}.Debug|Win32.ActiveCfg = Debug|Any CPU
		{12BD58F2-C658-4ECA-A0CE-447A7D1AF011}.Release|Any CPU.ActiveCfg = Release|Any CPU
		{12BD58F2-C658-4ECA-A0CE-447A7D1AF011}.Release|Any CPU.Build.0 = Release|Any CPU
		{12BD58F2-C658-4ECA-A0CE-447A7D1AF011}.Release|Mixed Platforms.ActiveCfg = Release|Any CPU
		{12BD58F2-C658-4ECA-A0CE-447A7D1AF011}.Release|Mixed Platforms.Build.0 = Release|Any CPU
		{12BD58F2-C658-4ECA-A0CE-447A7D1AF011}.Release|Win32.ActiveCfg = Release|Any CPU
		{19DBF218-86DE-45BF-ACFB-2847E287A996}.Debug|Any CPU.ActiveCfg = Debug|Any CPU
		{19DBF218-86DE-45BF-ACFB-2847E287A996}.Debug|Any CPU.Build.0 = Debug|Any CPU
		{19DBF218-86DE-45BF-ACFB-2847E287A996}.Debug|Mixed Platforms.ActiveCfg = Debug|Any CPU
		{19DBF218-86DE-45BF-ACFB-2847E287A996}.Debug|Mixed Platforms.Build.0 = Debug|Any CPU
		{19DBF218-86DE-45BF-ACFB-2847E287A996}.Debug|Win32.ActiveCfg = Debug|Any CPU
		{19DBF218-86DE-45BF-ACFB-2847E287A996}.Release|Any CPU.ActiveCfg = Release|Any CPU
		{19DBF218-86DE-45BF-ACFB-2847E287A996}.Release|Any CPU.Build.0 = Release|Any CPU
		{19DBF218-86DE-45BF-ACFB-2847E287A996}.Release|Mixed Platforms.ActiveCfg = Release|Any CPU
		{19DBF218-86DE-45BF-ACFB-2847E287A996}.Release|Mixed Platforms.Build.0 = Release|Any CPU
		{19DBF218-86DE-45BF-ACFB-2847E287A996}.Release|Win32.ActiveCfg = Release|Any CPU
		{2EB97F64-104E-449A-B04B-F913EFA3D84B}.Debug|Any CPU.ActiveCfg = Debug|Any CPU
		{2EB97F64-104E-449A-B04B-F913EFA3D84B}.Debug|Any CPU.Build.0 = Debug|Any CPU
		{2EB97F64-104E-449A-B04B-F913EFA3D84B}.Debug|Mixed Platforms.ActiveCfg = Debug|Any CPU
		{2EB97F64-104E-449A-B04B-F913EFA3D84B}.Debug|Mixed Platforms.Build.0 = Debug|Any CPU
		{2EB97F64-104E-449A-B04B-F913EFA3D84B}.Debug|Win32.ActiveCfg = Debug|Any CPU
		{2EB97F64-104E-449A-B04B-F913EFA3D84B}.Release|Any CPU.ActiveCfg = Release|Any CPU
		{2EB97F64-104E-449A-B04B-F913EFA3D84B}.Release|Any CPU.Build.0 = Release|Any CPU
		{2EB97F64-104E-449A-B04B-F913EFA3D84B}.Release|Mixed Platforms.ActiveCfg = Release|Any CPU
		{2EB97F64-104E-449A-B04B-F913EFA3D84B}.Release|Mixed Platforms.Build.0 = Release|Any CPU
		{2EB97F64-104E-449A-B04B-F913EFA3D84B}.Release|Win32.ActiveCfg = Release|Any CPU
		{16F4CD04-98B2-4B8E-B52F-07D507899B0B}.Debug|Any CPU.ActiveCfg = Debug|Any CPU
		{16F4CD04-98B2-4B8E-B52F-07D507899B0B}.Debug|Any CPU.Build.0 = Debug|Any CPU
		{16F4CD04-98B2-4B8E-B52F-07D507899B0B}.Debug|Mixed Platforms.ActiveCfg = Debug|Any CPU
		{16F4CD04-98B2-4B8E-B52F-07D507899B0B}.Debug|Mixed Platforms.Build.0 = Debug|Any CPU
		{16F4CD04-98B2-4B8E-B52F-07D507899B0B}.Debug|Win32.ActiveCfg = Debug|Any CPU
		{16F4CD04-98B2-4B8E-B52F-07D507899B0B}.Release|Any CPU.ActiveCfg = Release|Any CPU
		{16F4CD04-98B2-4B8E-B52F-07D507899B0B}.Release|Any CPU.Build.0 = Release|Any CPU
		{16F4CD04-98B2-4B8E-B52F-07D507899B0B}.Release|Mixed Platforms.ActiveCfg = Release|Any CPU
		{16F4CD04-98B2-4B8E-B52F-07D507899B0B}.Release|Mixed Platforms.Build.0 = Release|Any CPU
		{16F4CD04-98B2-4B8E-B52F-07D507899B0B}.Release|Win32.ActiveCfg = Release|Any CPU
	EndGlobalSection
	GlobalSection(SolutionProperties) = preSolution
		HideSolutionNode = FALSE
	EndGlobalSection
EndGlobal
